# This file is automatically @generated by Cargo.
# It is not intended for manual editing.
version = 3

[[package]]
name = "bootloader"
version = "0.1.0"
dependencies = [
 "driver",
 "stdio",
]

[[package]]
name = "driver"
version = "0.1.0"

[[package]]
name = "filesystem"
version = "0.1.0"
dependencies = [
 "stdio",
]

[[package]]
name = "kernel"
version = "0.1.0"
dependencies = [
 "driver",
 "filesystem",
 "stdio",
]

[[package]]
name = "program"
version = "0.1.0"
dependencies = [
 "driver",
]

[[package]]
name = "stdio"
version = "0.1.0"
dependencies = [
 "driver",
]
